{
    "name": "canvas-plugin-markdown",
    "version": "1.0.0",
    "lockfileVersion": 3,
    "requires": true,
    "packages": {
        "": {
            "name": "canvas-plugin-markdown",
            "version": "1.0.0",
            "devDependencies": {
                "@infinite-canvas/plugin-sdk": "file:../sdk",
                "@types/react": "19.1.12",
                "dompurify": "^3.4.12",
                "marked": "^17.0.6",
                "typescript": "^5"
            }
        },
        "../sdk": {
            "name": "@infinite-canvas/plugin-sdk",
            "version": "0.1.0",
            "dev": true,
            "devDependencies": {
                "@types/react": "19.1.12",
                "esbuild": "^0.25.0",
                "typescript": "^5"
            },
            "peerDependencies": {
                "@types/react": ">=18"
            }
        },
        "node_modules/@infinite-canvas/plugin-sdk": {
            "resolved": "../sdk",
            "link": true
        },
        "node_modules/@types/react": {
            "version": "19.1.12",
            "resolved": "https://registry.npmjs.org/@types/react/-/react-19.1.12.tgz",
            "integrity": "sha512-cMoR+FoAf/Jyq6+Df2/Z41jISvGZZ2eTlnsaJRptmZ76Caldwy1odD4xTr/gNV9VLj0AWgg/nmkevIyUfIIq5w==",
            "dev": true,
            "license": "MIT",
            "dependencies": {
                "csstype": "^3.0.2"
            }
        },
        "node_modules/@types/trusted-types": {
            "version": "2.0.7",
            "resolved": "https://registry.npmjs.org/@types/trusted-types/-/trusted-types-2.0.7.tgz",
            "integrity": "sha512-ScaPdn1dQczgbl0QFTeTOmVHFULt394XJgOQNoyVhZ6r2vLnMLJfBPd53SB52T/3G36VI1/g2MZaX0cwDuXsfw==",
            "dev": true,
            "license": "MIT",
            "optional": true
        },
        "node_modules/csstype": {
            "version": "3.2.3",
            "resolved": "https://registry.npmjs.org/csstype/-/csstype-3.2.3.tgz",
            "integrity": "sha512-z1HGKcYy2xA8AGQfwrn0PAy+PB7X/GSj3UVJW9qKyn43xWa+gl5nXmU4qqLMRzWVLFC8KusUX8T/0kCiOYpAIQ==",
            "dev": true,
            "license": "MIT"
        },
        "node_modules/dompurify": {
            "version": "3.4.12",
            "resolved": "https://registry.npmjs.org/dompurify/-/dompurify-3.4.12.tgz",
            "integrity": "sha512-zQvGet8Z2sWbQhCmfFz/T5QWH2oBmjnqK3qvOjaqaNLrLEF912WamU+ohnTp0TCep/MFVHpdJuCZEdFOdTnEFg==",
            "dev": true,
            "license": "(MPL-2.0 OR Apache-2.0)",
            "optionalDependencies": {
                "@types/trusted-types": "^2.0.7"
            }
        },
        "node_modules/marked": {
            "version": "17.0.6",
            "resolved": "https://registry.npmjs.org/marked/-/marked-17.0.6.tgz",
            "integrity": "sha512-gB0gkNafnonOw0obSTEGZTT86IuhILt2Wfx0mWH/1Au83kybTayroZ/V6nS25mN7u8ASy+5fMhgB3XPNrOZdmA==",
            "dev": true,
            "license": "MIT",
            "bin": {
                "marked": "bin/marked.js"
            },
            "engines": {
                "node": ">= 20"
            }
        },
        "node_modules/typescript": {
            "version": "5.9.3",
            "resolved": "https://registry.npmjs.org/typescript/-/typescript-5.9.3.tgz",
            "integrity": "sha512-jl1vZzPDinLr9eUt3J/t7V6FgNEw9QjvBPdysz9KfQDD41fQrC2Y4vKQdiaUpFT4bXlb1RHhLpp8wtm6M5TgSw==",
            "dev": true,
            "license": "Apache-2.0",
            "bin": {
                "tsc": "bin/tsc",
                "tsserver": "bin/tsserver"
            },
            "engines": {
                "node": ">=14.17"
            }
        }
    }
}
